{
  "version": 4,
  "terraform_version": "1.7.5",
  "serial": 1,
  "lineage": "24cc0f16-6375-ac77-3af4-3c05358ac9b0",
  "outputs": {},
  "resources": [
    {
      "mode": "managed",
      "type": "aws_vpc",
      "name": "vpc",
      "provider": "provider[\"registry.terraform.io/hashicorp/aws\"]",
      "instances": [
        {
          "schema_version": 1,
          "attributes": {
            "arn": "arn:aws:ec2:ap-northeast-1:929862185859:vpc/vpc-077d1970f672b6ae9",
            "assign_generated_ipv6_cidr_block": false,
            "cidr_block": "10.0.0.0/20",
            "default_network_acl_id": "acl-0cf3d9757196848df",
            "default_route_table_id": "rtb-020735abcd54e4d79",
            "default_security_group_id": "sg-0e25931df42a54183",
            "dhcp_options_id": "dopt-070e2522076ece71e",
            "enable_dns_hostnames": true,
            "enable_dns_support": true,
            "enable_network_address_usage_metrics": false,
            "id": "vpc-077d1970f672b6ae9",
            "instance_tenancy": "default",
            "ipv4_ipam_pool_id": null,
            "ipv4_netmask_length": null,
            "ipv6_association_id": "",
            "ipv6_cidr_block": "",
            "ipv6_cidr_block_network_border_group": "",
            "ipv6_ipam_pool_id": "",
            "ipv6_netmask_length": 0,
            "main_route_table_id": "rtb-020735abcd54e4d79",
            "owner_id": "929862185859",
            "tags": {
              "Env": "dev",
              "Name": "kzhyas-dev-vpc",
              "Project": "kzhyas"
            },
            "tags_all": {
              "Env": "dev",
              "Name": "kzhyas-dev-vpc",
              "Project": "kzhyas"
            }
          },
          "sensitive_attributes": [],
          "private": "eyJzY2hlbWFfdmVyc2lvbiI6IjEifQ=="
        }
      ]
    }
  ],
  "check_results": null
}
